
Microsoft Visual Studio Solution File, Format Version 12.00
# Visual Studio Version 17
VisualStudioVersion = 17.9.34723.18
MinimumVisualStudioVersion = 10.0.40219.1
Project("{8BC9CEB8-8B4A-11D0-8D11-00A0C91BC942}") = "Guide Me", "Guide Me\Guide Me.vcxproj", "{DE16B726-5A03-4415-A188-B96BA8EC2B11}"
EndProject
Global
	GlobalSection(SolutionConfigurationPlatforms) = preSolution
		Debug|x64 = Debug|x64
		Debug|x86 = Debug|x86
		Release|x64 = Release|x64
		Release|x86 = Release|x86
	EndGlobalSection
	GlobalSection(ProjectConfigurationPlatforms) = postSolution
		{DE16B726-5A03-4415-A188-B96BA8EC2B11}.Debug|x64.ActiveCfg = Debug|x64
		{DE16B726-5A03-4415-A188-B96BA8EC2B11}.Debug|x64.Build.0 = Debug|x64
		{DE16B726-5A03-4415-A188-B96BA8EC2B11}.Debug|x86.ActiveCfg = Debug|Win32
		{DE16B726-5A03-4415-A188-B96BA8EC2B11}.Debug|x86.Build.0 = Debug|Win32
		{DE16B726-5A03-4415-A188-B96BA8EC2B11}.Release|x64.ActiveCfg = Release|x64
		{DE16B726-5A03-4415-A188-B96BA8EC2B11}.Release|x64.Build.0 = Release|x64
		{DE16B726-5A03-4415-A188-B96BA8EC2B11}.Release|x86.ActiveCfg = Release|Win32
		{DE16B726-5A03-4415-A188-B96BA8EC2B11}.Release|x86.Build.0 = Release|Win32
	EndGlobalSection
	GlobalSection(SolutionProperties) = preSolution
		HideSolutionNode = FALSE
	EndGlobalSection
	GlobalSection(ExtensibilityGlobals) = postSolution
		SolutionGuid = {DFBF3212-3A51-4958-86A9-D99B6F624941}
	EndGlobalSection
EndGlobal
